
Microsoft Visual Studio Solution File, Format Version 12.00
# Visual Studio Version 17
VisualStudioVersion = 17.14.36414.22 d17.14
MinimumVisualStudioVersion = 10.0.40219.1
Project("{FAE04EC0-301F-11D3-BF4B-00C04F79EFBC}") = "Assignment#02Q1", "Assignment#02Q1\Assignment#02Q1.csproj", "{A8B09F84-477E-4487-B523-9DEC51D95F5E}"
EndProject
Global
	GlobalSection(SolutionConfigurationPlatforms) = preSolution
		Debug|Any CPU = Debug|Any CPU
		Release|Any CPU = Release|Any CPU
	EndGlobalSection
	GlobalSection(ProjectConfigurationPlatforms) = postSolution
		{A8B09F84-477E-4487-B523-9DEC51D95F5E}.Debug|Any CPU.ActiveCfg = Debug|Any CPU
		{A8B09F84-477E-4487-B523-9DEC51D95F5E}.Debug|Any CPU.Build.0 = Debug|Any CPU
		{A8B09F84-477E-4487-B523-9DEC51D95F5E}.Release|Any CPU.ActiveCfg = Release|Any CPU
		{A8B09F84-477E-4487-B523-9DEC51D95F5E}.Release|Any CPU.Build.0 = Release|Any CPU
	EndGlobalSection
	GlobalSection(SolutionProperties) = preSolution
		HideSolutionNode = FALSE
	EndGlobalSection
	GlobalSection(ExtensibilityGlobals) = postSolution
		SolutionGuid = {65D0583A-580E-42D3-B298-6B299E99B7A6}
	EndGlobalSection
EndGlobal
